
Microsoft Visual Studio Solution File, Format Version 12.00
Project("{FAE04EC0-301F-11D3-BF4B-00C04F79EFBC}") = "GargamelinBurnu", "GargamelinBurnu\GargamelinBurnu.csproj", "{EC23214E-BDF0-473A-AB1C-B469B5A453E4}"
EndProject
Project("{FAE04EC0-301F-11D3-BF4B-00C04F79EFBC}") = "Entities", "Entities\Entities.csproj", "{0468FBED-2CCD-4CBB-9A5A-A3312AC580E5}"
EndProject
Project("{FAE04EC0-301F-11D3-BF4B-00C04F79EFBC}") = "Repositories", "Repositories\Repositories.csproj", "{3424C17D-AE6B-4474-96D8-A10A0156733C}"
EndProject
Project("{FAE04EC0-301F-11D3-BF4B-00C04F79EFBC}") = "Services", "Services\Services.csproj", "{8C2028FB-31DE-4756-8CDC-FF2F2E648D46}"
EndProject
Global
	GlobalSection(SolutionConfigurationPlatforms) = preSolution
		Debug|Any CPU = Debug|Any CPU
		Release|Any CPU = Release|Any CPU
	EndGlobalSection
	GlobalSection(ProjectConfigurationPlatforms) = postSolution
		{EC23214E-BDF0-473A-AB1C-B469B5A453E4}.Debug|Any CPU.ActiveCfg = Debug|Any CPU
		{EC23214E-BDF0-473A-AB1C-B469B5A453E4}.Debug|Any CPU.Build.0 = Debug|Any CPU
		{EC23214E-BDF0-473A-AB1C-B469B5A453E4}.Release|Any CPU.ActiveCfg = Release|Any CPU
		{EC23214E-BDF0-473A-AB1C-B469B5A453E4}.Release|Any CPU.Build.0 = Release|Any CPU
		{0468FBED-2CCD-4CBB-9A5A-A3312AC580E5}.Debug|Any CPU.ActiveCfg = Debug|Any CPU
		{0468FBED-2CCD-4CBB-9A5A-A3312AC580E5}.Debug|Any CPU.Build.0 = Debug|Any CPU
		{0468FBED-2CCD-4CBB-9A5A-A3312AC580E5}.Release|Any CPU.ActiveCfg = Release|Any CPU
		{0468FBED-2CCD-4CBB-9A5A-A3312AC580E5}.Release|Any CPU.Build.0 = Release|Any CPU
		{3424C17D-AE6B-4474-96D8-A10A0156733C}.Debug|Any CPU.ActiveCfg = Debug|Any CPU
		{3424C17D-AE6B-4474-96D8-A10A0156733C}.Debug|Any CPU.Build.0 = Debug|Any CPU
		{3424C17D-AE6B-4474-96D8-A10A0156733C}.Release|Any CPU.ActiveCfg = Release|Any CPU
		{3424C17D-AE6B-4474-96D8-A10A0156733C}.Release|Any CPU.Build.0 = Release|Any CPU
		{8C2028FB-31DE-4756-8CDC-FF2F2E648D46}.Debug|Any CPU.ActiveCfg = Debug|Any CPU
		{8C2028FB-31DE-4756-8CDC-FF2F2E648D46}.Debug|Any CPU.Build.0 = Debug|Any CPU
		{8C2028FB-31DE-4756-8CDC-FF2F2E648D46}.Release|Any CPU.ActiveCfg = Release|Any CPU
		{8C2028FB-31DE-4756-8CDC-FF2F2E648D46}.Release|Any CPU.Build.0 = Release|Any CPU
	EndGlobalSection
EndGlobal
